<?xml version="1.0" encoding="utf-8"?>
<Project ToolsVersion="4.0" xmlns="http://schemas.microsoft.com/developer/msbuild/2003">
  <ItemGroup>
    <Filter Include="소스 파일">
      <UniqueIdentifier>{4FC737F1-C7A5-4376-A066-2A32D752A2FF}</UniqueIdentifier>
      <Extensions>cpp;c;cc;cxx;c++;cppm;ixx;def;odl;idl;hpj;bat;asm;asmx</Extensions>
    </Filter>
    <Filter Include="헤더 파일">
      <UniqueIdentifier>{93995380-89BD-4b04-88EB-625FBE52EBFB}</UniqueIdentifier>
      <Extensions>h;hh;hpp;hxx;h++;hm;inl;inc;ipp;xsd</Extensions>
    </Filter>
    <Filter Include="리소스 파일">
      <UniqueIdentifier>{67DA6AB6-F800-4c08-8B7A-83BB121AAD01}</UniqueIdentifier>
      <Extensions>rc;ico;cur;bmp;dlg;rc2;rct;bin;rgs;gif;jpg;jpeg;jpe;resx;tiff;tif;png;wav;mfcribbon-ms</Extensions>
    </Filter>
    <Filter Include="소스 파일\linkList">
      <UniqueIdentifier>{d4ea6b42-16b5-4285-b684-04cf4943df55}</UniqueIdentifier>
    </Filter>
    <Filter Include="소스 파일\stack">
      <UniqueIdentifier>{8bcad3fc-a842-4286-8f84-42731155e649}</UniqueIdentifier>
    </Filter>
    <Filter Include="소스 파일\queue">
      <UniqueIdentifier>{b8fb6245-55f4-4b01-bc5c-b818994bcbf0}</UniqueIdentifier>
    </Filter>
    <Filter Include="소스 파일\order">
      <UniqueIdentifier>{d46bd48b-db2e-470a-834b-fb686928ed7f}</UniqueIdentifier>
    </Filter>
  </ItemGroup>
  <ItemGroup>
    <ClCompile Include="SingleLinkedList.c">
      <Filter>소스 파일\linkList</Filter>
    </ClCompile>
    <ClCompile Include="DoubleLinkedList.c">
      <Filter>소스 파일\linkList</Filter>
    </ClCompile>
    <ClCompile Include="Stack.c">
      <Filter>소스 파일\stack</Filter>
    </ClCompile>
    <ClCompile Include="Queue.c">
      <Filter>소스 파일\queue</Filter>
    </ClCompile>
    <ClCompile Include="Choice.c">
      <Filter>소스 파일\order</Filter>
    </ClCompile>
  </ItemGroup>
</Project>